// !$*UTF8*$!
{
	archiveVersion = 1;
	classes = {
	};
	objectVersion = 50;
	objects = {

/* Begin PBXBuildFile section */
		4E6B2E0F224DCCB1A94CE5C0 /* Pods_RISE.framework in Frameworks */ = {isa = PBXBuildFile; fileRef = A4BF74C9C8AC794B7B2A93A0 /* Pods_RISE.framework */; };
		71F89EAA2C06C6D1D4F26883 /* Pods_RISEUITests.framework in Frameworks */ = {isa = PBXBuildFile; fileRef = 1980CB960A1C6A056073B071 /* Pods_RISEUITests.framework */; };
		BB3EA9F28875F26EEB512F10 /* Pods_RISETests.framework in Frameworks */ = {isa = PBXBuildFile; fileRef = 1A868EE4E1B6DB1B89385BAD /* Pods_RISETests.framework */; };
		D1B5B5C0230DF3EE00918DFF /* Enums.swift in Sources */ = {isa = PBXBuildFile; fileRef = D1B5B5BF230DF3EE00918DFF /* Enums.swift */; };
		D1E2BC1F230B1152001EF5C1 /* AppDelegate.swift in Sources */ = {isa = PBXBuildFile; fileRef = D1E2BC1E230B1152001EF5C1 /* AppDelegate.swift */; };
		D1E2BC24230B1152001EF5C1 /* Main.storyboard in Resources */ = {isa = PBXBuildFile; fileRef = D1E2BC22230B1152001EF5C1 /* Main.storyboard */; };
		D1E2BC26230B1156001EF5C1 /* Assets.xcassets in Resources */ = {isa = PBXBuildFile; fileRef = D1E2BC25230B1156001EF5C1 /* Assets.xcassets */; };
		D1E2BC29230B1156001EF5C1 /* LaunchScreen.storyboard in Resources */ = {isa = PBXBuildFile; fileRef = D1E2BC27230B1156001EF5C1 /* LaunchScreen.storyboard */; };
		D1E2BC34230B1156001EF5C1 /* RISETests.swift in Sources */ = {isa = PBXBuildFile; fileRef = D1E2BC33230B1156001EF5C1 /* RISETests.swift */; };
		D1E2BC3F230B1156001EF5C1 /* RISEUITests.swift in Sources */ = {isa = PBXBuildFile; fileRef = D1E2BC3E230B1156001EF5C1 /* RISEUITests.swift */; };
		D1E2BC53230B55BA001EF5C1 /* PriceHistoryGraph.swift in Sources */ = {isa = PBXBuildFile; fileRef = D1E2BC52230B55BA001EF5C1 /* PriceHistoryGraph.swift */; };
		D1E2BC55230B56C9001EF5C1 /* DashboardVC.swift in Sources */ = {isa = PBXBuildFile; fileRef = D1E2BC54230B56C9001EF5C1 /* DashboardVC.swift */; };
		D1E2BC5A230B5B55001EF5C1 /* AcquisitionView.swift in Sources */ = {isa = PBXBuildFile; fileRef = D1E2BC59230B5B55001EF5C1 /* AcquisitionView.swift */; };
		D1E2BC5D230B5CCC001EF5C1 /* NibView.swift in Sources */ = {isa = PBXBuildFile; fileRef = D1E2BC5C230B5CCC001EF5C1 /* NibView.swift */; };
		D1E2BC5F230B5D25001EF5C1 /* ConversionView.swift in Sources */ = {isa = PBXBuildFile; fileRef = D1E2BC5E230B5D25001EF5C1 /* ConversionView.swift */; };
		D1E2BC61230B5D83001EF5C1 /* ConversionView.xib in Resources */ = {isa = PBXBuildFile; fileRef = D1E2BC60230B5D83001EF5C1 /* ConversionView.xib */; };
		D1E2BC63230B5E10001EF5C1 /* Color.swift in Sources */ = {isa = PBXBuildFile; fileRef = D1E2BC62230B5E10001EF5C1 /* Color.swift */; };
		D1E2BC65230B5ED0001EF5C1 /* AcquisitionView.xib in Resources */ = {isa = PBXBuildFile; fileRef = D1E2BC64230B5ED0001EF5C1 /* AcquisitionView.xib */; };
		D1E2BC67230B6060001EF5C1 /* OverviewView.xib in Resources */ = {isa = PBXBuildFile; fileRef = D1E2BC66230B6060001EF5C1 /* OverviewView.xib */; };
		D1E2BC69230B610F001EF5C1 /* OverviewView.swift in Sources */ = {isa = PBXBuildFile; fileRef = D1E2BC68230B610F001EF5C1 /* OverviewView.swift */; };
		D1E2BC6C230B671D001EF5C1 /* NavigationController.swift in Sources */ = {isa = PBXBuildFile; fileRef = D1E2BC6B230B671D001EF5C1 /* NavigationController.swift */; };
		D1E2BC6E230B7144001EF5C1 /* RiseApi.swift in Sources */ = {isa = PBXBuildFile; fileRef = D1E2BC6D230B7144001EF5C1 /* RiseApi.swift */; };
		D1E2BC70230B77A0001EF5C1 /* SessionManager.swift in Sources */ = {isa = PBXBuildFile; fileRef = D1E2BC6F230B77A0001EF5C1 /* SessionManager.swift */; };
		D1E2BC74230B8A0A001EF5C1 /* TestModel.swift in Sources */ = {isa = PBXBuildFile; fileRef = D1E2BC73230B8A0A001EF5C1 /* TestModel.swift */; };
		D1E2BC76230C8686001EF5C1 /* PriceHistoryGraph.xib in Resources */ = {isa = PBXBuildFile; fileRef = D1E2BC75230C8686001EF5C1 /* PriceHistoryGraph.xib */; };
		D1E2BC78230CB454001EF5C1 /* PropertyListVC.swift in Sources */ = {isa = PBXBuildFile; fileRef = D1E2BC77230CB454001EF5C1 /* PropertyListVC.swift */; };
/* End PBXBuildFile section */

/* Begin PBXContainerItemProxy section */
		D1E2BC30230B1156001EF5C1 /* PBXContainerItemProxy */ = {
			isa = PBXContainerItemProxy;
			containerPortal = D1E2BC13230B1152001EF5C1 /* Project object */;
			proxyType = 1;
			remoteGlobalIDString = D1E2BC1A230B1152001EF5C1;
			remoteInfo = RISE;
		};
		D1E2BC3B230B1156001EF5C1 /* PBXContainerItemProxy */ = {
			isa = PBXContainerItemProxy;
			containerPortal = D1E2BC13230B1152001EF5C1 /* Project object */;
			proxyType = 1;
			remoteGlobalIDString = D1E2BC1A230B1152001EF5C1;
			remoteInfo = RISE;
		};
/* End PBXContainerItemProxy section */

/* Begin PBXFileReference section */
		080C2273271F6687900A5F10 /* Pods-RISE.debug.xcconfig */ = {isa = PBXFileReference; includeInIndex = 1; lastKnownFileType = text.xcconfig; name = "Pods-RISE.debug.xcconfig"; path = "Pods/Target Support Files/Pods-RISE/Pods-RISE.debug.xcconfig"; sourceTree = "<group>"; };
		1980CB960A1C6A056073B071 /* Pods_RISEUITests.framework */ = {isa = PBXFileReference; explicitFileType = wrapper.framework; includeInIndex = 0; path = Pods_RISEUITests.framework; sourceTree = BUILT_PRODUCTS_DIR; };
		1A868EE4E1B6DB1B89385BAD /* Pods_RISETests.framework */ = {isa = PBXFileReference; explicitFileType = wrapper.framework; includeInIndex = 0; path = Pods_RISETests.framework; sourceTree = BUILT_PRODUCTS_DIR; };
		5CFD04870FE5162DC160A639 /* Pods-RISETests.debug.xcconfig */ = {isa = PBXFileReference; includeInIndex = 1; lastKnownFileType = text.xcconfig; name = "Pods-RISETests.debug.xcconfig"; path = "Pods/Target Support Files/Pods-RISETests/Pods-RISETests.debug.xcconfig"; sourceTree = "<group>"; };
		7D5AF16D074B02917B8211D1 /* Pods-RISE.release.xcconfig */ = {isa = PBXFileReference; includeInIndex = 1; lastKnownFileType = text.xcconfig; name = "Pods-RISE.release.xcconfig"; path = "Pods/Target Support Files/Pods-RISE/Pods-RISE.release.xcconfig"; sourceTree = "<group>"; };
		A16ACB4111D8253B3C03A2E7 /* Pods-RISEUITests.release.xcconfig */ = {isa = PBXFileReference; includeInIndex = 1; lastKnownFileType = text.xcconfig; name = "Pods-RISEUITests.release.xcconfig"; path = "Pods/Target Support Files/Pods-RISEUITests/Pods-RISEUITests.release.xcconfig"; sourceTree = "<group>"; };
		A4BF74C9C8AC794B7B2A93A0 /* Pods_RISE.framework */ = {isa = PBXFileReference; explicitFileType = wrapper.framework; includeInIndex = 0; path = Pods_RISE.framework; sourceTree = BUILT_PRODUCTS_DIR; };
		D1B5B5BF230DF3EE00918DFF /* Enums.swift */ = {isa = PBXFileReference; lastKnownFileType = sourcecode.swift; path = Enums.swift; sourceTree = "<group>"; };
		D1E2BC1B230B1152001EF5C1 /* RISE.app */ = {isa = PBXFileReference; explicitFileType = wrapper.application; includeInIndex = 0; path = RISE.app; sourceTree = BUILT_PRODUCTS_DIR; };
		D1E2BC1E230B1152001EF5C1 /* AppDelegate.swift */ = {isa = PBXFileReference; lastKnownFileType = sourcecode.swift; path = AppDelegate.swift; sourceTree = "<group>"; };
		D1E2BC23230B1152001EF5C1 /* Base */ = {isa = PBXFileReference; lastKnownFileType = file.storyboard; name = Base; path = Base.lproj/Main.storyboard; sourceTree = "<group>"; };
		D1E2BC25230B1156001EF5C1 /* Assets.xcassets */ = {isa = PBXFileReference; lastKnownFileType = folder.assetcatalog; path = Assets.xcassets; sourceTree = "<group>"; };
		D1E2BC28230B1156001EF5C1 /* Base */ = {isa = PBXFileReference; lastKnownFileType = file.storyboard; name = Base; path = Base.lproj/LaunchScreen.storyboard; sourceTree = "<group>"; };
		D1E2BC2A230B1156001EF5C1 /* Info.plist */ = {isa = PBXFileReference; lastKnownFileType = text.plist.xml; path = Info.plist; sourceTree = "<group>"; };
		D1E2BC2F230B1156001EF5C1 /* RISETests.xctest */ = {isa = PBXFileReference; explicitFileType = wrapper.cfbundle; includeInIndex = 0; path = RISETests.xctest; sourceTree = BUILT_PRODUCTS_DIR; };
		D1E2BC33230B1156001EF5C1 /* RISETests.swift */ = {isa = PBXFileReference; lastKnownFileType = sourcecode.swift; path = RISETests.swift; sourceTree = "<group>"; };
		D1E2BC35230B1156001EF5C1 /* Info.plist */ = {isa = PBXFileReference; lastKnownFileType = text.plist.xml; path = Info.plist; sourceTree = "<group>"; };
		D1E2BC3A230B1156001EF5C1 /* RISEUITests.xctest */ = {isa = PBXFileReference; explicitFileType = wrapper.cfbundle; includeInIndex = 0; path = RISEUITests.xctest; sourceTree = BUILT_PRODUCTS_DIR; };
		D1E2BC3E230B1156001EF5C1 /* RISEUITests.swift */ = {isa = PBXFileReference; lastKnownFileType = sourcecode.swift; path = RISEUITests.swift; sourceTree = "<group>"; };
		D1E2BC40230B1156001EF5C1 /* Info.plist */ = {isa = PBXFileReference; lastKnownFileType = text.plist.xml; path = Info.plist; sourceTree = "<group>"; };
		D1E2BC52230B55BA001EF5C1 /* PriceHistoryGraph.swift */ = {isa = PBXFileReference; lastKnownFileType = sourcecode.swift; path = PriceHistoryGraph.swift; sourceTree = "<group>"; };
		D1E2BC54230B56C9001EF5C1 /* DashboardVC.swift */ = {isa = PBXFileReference; lastKnownFileType = sourcecode.swift; path = DashboardVC.swift; sourceTree = "<group>"; };
		D1E2BC59230B5B55001EF5C1 /* AcquisitionView.swift */ = {isa = PBXFileReference; lastKnownFileType = sourcecode.swift; path = AcquisitionView.swift; sourceTree = "<group>"; };
		D1E2BC5C230B5CCC001EF5C1 /* NibView.swift */ = {isa = PBXFileReference; lastKnownFileType = sourcecode.swift; path = NibView.swift; sourceTree = "<group>"; };
		D1E2BC5E230B5D25001EF5C1 /* ConversionView.swift */ = {isa = PBXFileReference; lastKnownFileType = sourcecode.swift; path = ConversionView.swift; sourceTree = "<group>"; };
		D1E2BC60230B5D83001EF5C1 /* ConversionView.xib */ = {isa = PBXFileReference; lastKnownFileType = file.xib; path = ConversionView.xib; sourceTree = "<group>"; };
		D1E2BC62230B5E10001EF5C1 /* Color.swift */ = {isa = PBXFileReference; lastKnownFileType = sourcecode.swift; path = Color.swift; sourceTree = "<group>"; };
		D1E2BC64230B5ED0001EF5C1 /* AcquisitionView.xib */ = {isa = PBXFileReference; fileEncoding = 4; lastKnownFileType = file.xib; path = AcquisitionView.xib; sourceTree = "<group>"; };
		D1E2BC66230B6060001EF5C1 /* OverviewView.xib */ = {isa = PBXFileReference; fileEncoding = 4; lastKnownFileType = file.xib; path = OverviewView.xib; sourceTree = "<group>"; };
		D1E2BC68230B610F001EF5C1 /* OverviewView.swift */ = {isa = PBXFileReference; fileEncoding = 4; lastKnownFileType = sourcecode.swift; path = OverviewView.swift; sourceTree = "<group>"; };
		D1E2BC6B230B671D001EF5C1 /* NavigationController.swift */ = {isa = PBXFileReference; lastKnownFileType = sourcecode.swift; path = NavigationController.swift; sourceTree = "<group>"; };
		D1E2BC6D230B7144001EF5C1 /* RiseApi.swift */ = {isa = PBXFileReference; lastKnownFileType = sourcecode.swift; path = RiseApi.swift; sourceTree = "<group>"; };
		D1E2BC6F230B77A0001EF5C1 /* SessionManager.swift */ = {isa = PBXFileReference; lastKnownFileType = sourcecode.swift; path = SessionManager.swift; sourceTree = "<group>"; };
		D1E2BC73230B8A0A001EF5C1 /* TestModel.swift */ = {isa = PBXFileReference; lastKnownFileType = sourcecode.swift; path = TestModel.swift; sourceTree = "<group>"; };
		D1E2BC75230C8686001EF5C1 /* PriceHistoryGraph.xib */ = {isa = PBXFileReference; lastKnownFileType = file.xib; path = PriceHistoryGraph.xib; sourceTree = "<group>"; };
		D1E2BC77230CB454001EF5C1 /* PropertyListVC.swift */ = {isa = PBXFileReference; lastKnownFileType = sourcecode.swift; path = PropertyListVC.swift; sourceTree = "<group>"; };
		DD469FF8AF6B510A4BA61442 /* Pods-RISEUITests.debug.xcconfig */ = {isa = PBXFileReference; includeInIndex = 1; lastKnownFileType = text.xcconfig; name = "Pods-RISEUITests.debug.xcconfig"; path = "Pods/Target Support Files/Pods-RISEUITests/Pods-RISEUITests.debug.xcconfig"; sourceTree = "<group>"; };
		FE22B912CD598BEFFE150721 /* Pods-RISETests.release.xcconfig */ = {isa = PBXFileReference; includeInIndex = 1; lastKnownFileType = text.xcconfig; name = "Pods-RISETests.release.xcconfig"; path = "Pods/Target Support Files/Pods-RISETests/Pods-RISETests.release.xcconfig"; sourceTree = "<group>"; };
/* End PBXFileReference section */

/* Begin PBXFrameworksBuildPhase section */
		D1E2BC18230B1152001EF5C1 /* Frameworks */ = {
			isa = PBXFrameworksBuildPhase;
			buildActionMask = 2147483647;
			files = (
				4E6B2E0F224DCCB1A94CE5C0 /* Pods_RISE.framework in Frameworks */,
			);
			runOnlyForDeploymentPostprocessing = 0;
		};
		D1E2BC2C230B1156001EF5C1 /* Frameworks */ = {
			isa = PBXFrameworksBuildPhase;
			buildActionMask = 2147483647;
			files = (
				BB3EA9F28875F26EEB512F10 /* Pods_RISETests.framework in Frameworks */,
			);
			runOnlyForDeploymentPostprocessing = 0;
		};
		D1E2BC37230B1156001EF5C1 /* Frameworks */ = {
			isa = PBXFrameworksBuildPhase;
			buildActionMask = 2147483647;
			files = (
				71F89EAA2C06C6D1D4F26883 /* Pods_RISEUITests.framework in Frameworks */,
			);
			runOnlyForDeploymentPostprocessing = 0;
		};
/* End PBXFrameworksBuildPhase section */

/* Begin PBXGroup section */
		33DE17834190BD900944F9CD /* Pods */ = {
			isa = PBXGroup;
			children = (
				080C2273271F6687900A5F10 /* Pods-RISE.debug.xcconfig */,
				7D5AF16D074B02917B8211D1 /* Pods-RISE.release.xcconfig */,
				5CFD04870FE5162DC160A639 /* Pods-RISETests.debug.xcconfig */,
				FE22B912CD598BEFFE150721 /* Pods-RISETests.release.xcconfig */,
				DD469FF8AF6B510A4BA61442 /* Pods-RISEUITests.debug.xcconfig */,
				A16ACB4111D8253B3C03A2E7 /* Pods-RISEUITests.release.xcconfig */,
			);
			name = Pods;
			sourceTree = "<group>";
		};
		C52056E33D0BA4F9F3B66F40 /* Frameworks */ = {
			isa = PBXGroup;
			children = (
				A4BF74C9C8AC794B7B2A93A0 /* Pods_RISE.framework */,
				1A868EE4E1B6DB1B89385BAD /* Pods_RISETests.framework */,
				1980CB960A1C6A056073B071 /* Pods_RISEUITests.framework */,
			);
			name = Frameworks;
			sourceTree = "<group>";
		};
		D1E2BC12230B1152001EF5C1 = {
			isa = PBXGroup;
			children = (
				D1E2BC1D230B1152001EF5C1 /* RISE */,
				D1E2BC32230B1156001EF5C1 /* RISETests */,
				D1E2BC3D230B1156001EF5C1 /* RISEUITests */,
				D1E2BC1C230B1152001EF5C1 /* Products */,
				33DE17834190BD900944F9CD /* Pods */,
				C52056E33D0BA4F9F3B66F40 /* Frameworks */,
			);
			sourceTree = "<group>";
		};
		D1E2BC1C230B1152001EF5C1 /* Products */ = {
			isa = PBXGroup;
			children = (
				D1E2BC1B230B1152001EF5C1 /* RISE.app */,
				D1E2BC2F230B1156001EF5C1 /* RISETests.xctest */,
				D1E2BC3A230B1156001EF5C1 /* RISEUITests.xctest */,
			);
			name = Products;
			sourceTree = "<group>";
		};
		D1E2BC1D230B1152001EF5C1 /* RISE */ = {
			isa = PBXGroup;
			children = (
				D1E2BC4D230B548A001EF5C1 /* ui */,
				D1E2BC4C230B5476001EF5C1 /* data */,
				D1E2BC1E230B1152001EF5C1 /* AppDelegate.swift */,
				D1E2BC22230B1152001EF5C1 /* Main.storyboard */,
				D1E2BC25230B1156001EF5C1 /* Assets.xcassets */,
				D1E2BC27230B1156001EF5C1 /* LaunchScreen.storyboard */,
				D1E2BC2A230B1156001EF5C1 /* Info.plist */,
			);
			path = RISE;
			sourceTree = "<group>";
		};
		D1E2BC32230B1156001EF5C1 /* RISETests */ = {
			isa = PBXGroup;
			children = (
				D1E2BC33230B1156001EF5C1 /* RISETests.swift */,
				D1E2BC35230B1156001EF5C1 /* Info.plist */,
			);
			path = RISETests;
			sourceTree = "<group>";
		};
		D1E2BC3D230B1156001EF5C1 /* RISEUITests */ = {
			isa = PBXGroup;
			children = (
				D1E2BC3E230B1156001EF5C1 /* RISEUITests.swift */,
				D1E2BC40230B1156001EF5C1 /* Info.plist */,
			);
			path = RISEUITests;
			sourceTree = "<group>";
		};
		D1E2BC4C230B5476001EF5C1 /* data */ = {
			isa = PBXGroup;
			children = (
				D1E2BC51230B555E001EF5C1 /* api */,
				D1E2BC50230B555A001EF5C1 /* models */,
			);
			path = data;
			sourceTree = "<group>";
		};
		D1E2BC4D230B548A001EF5C1 /* ui */ = {
			isa = PBXGroup;
			children = (
				D1E2BC5B230B5CBB001EF5C1 /* supporting */,
				D1E2BC4F230B549F001EF5C1 /* dashboard */,
				D1E2BC4E230B5494001EF5C1 /* property list */,
			);
			path = ui;
			sourceTree = "<group>";
		};
		D1E2BC4E230B5494001EF5C1 /* property list */ = {
			isa = PBXGroup;
			children = (
				D1E2BC77230CB454001EF5C1 /* PropertyListVC.swift */,
			);
			path = "property list";
			sourceTree = "<group>";
		};
		D1E2BC4F230B549F001EF5C1 /* dashboard */ = {
			isa = PBXGroup;
			children = (
				D1E2BC6A230B6125001EF5C1 /* Graphs */,
				D1E2BC56230B5908001EF5C1 /* overview */,
				D1E2BC57230B5925001EF5C1 /* acquisition */,
				D1E2BC58230B5931001EF5C1 /* conversion */,
				D1E2BC54230B56C9001EF5C1 /* DashboardVC.swift */,
			);
			path = dashboard;
			sourceTree = "<group>";
		};
		D1E2BC50230B555A001EF5C1 /* models */ = {
			isa = PBXGroup;
			children = (
				D1E2BC73230B8A0A001EF5C1 /* TestModel.swift */,
			);
			path = models;
			sourceTree = "<group>";
		};
		D1E2BC51230B555E001EF5C1 /* api */ = {
			isa = PBXGroup;
			children = (
				D1E2BC6D230B7144001EF5C1 /* RiseApi.swift */,
				D1E2BC6F230B77A0001EF5C1 /* SessionManager.swift */,
			);
			path = api;
			sourceTree = "<group>";
		};
		D1E2BC56230B5908001EF5C1 /* overview */ = {
			isa = PBXGroup;
			children = (
				D1E2BC68230B610F001EF5C1 /* OverviewView.swift */,
				D1E2BC66230B6060001EF5C1 /* OverviewView.xib */,
			);
			path = overview;
			sourceTree = "<group>";
		};
		D1E2BC57230B5925001EF5C1 /* acquisition */ = {
			isa = PBXGroup;
			children = (
				D1E2BC59230B5B55001EF5C1 /* AcquisitionView.swift */,
				D1E2BC64230B5ED0001EF5C1 /* AcquisitionView.xib */,
			);
			path = acquisition;
			sourceTree = "<group>";
		};
		D1E2BC58230B5931001EF5C1 /* conversion */ = {
			isa = PBXGroup;
			children = (
				D1E2BC5E230B5D25001EF5C1 /* ConversionView.swift */,
				D1E2BC60230B5D83001EF5C1 /* ConversionView.xib */,
			);
			path = conversion;
			sourceTree = "<group>";
		};
		D1E2BC5B230B5CBB001EF5C1 /* supporting */ = {
			isa = PBXGroup;
			children = (
				D1E2BC5C230B5CCC001EF5C1 /* NibView.swift */,
				D1E2BC62230B5E10001EF5C1 /* Color.swift */,
				D1E2BC6B230B671D001EF5C1 /* NavigationController.swift */,
				D1B5B5BF230DF3EE00918DFF /* Enums.swift */,
			);
			path = supporting;
			sourceTree = "<group>";
		};
		D1E2BC6A230B6125001EF5C1 /* Graphs */ = {
			isa = PBXGroup;
			children = (
				D1E2BC52230B55BA001EF5C1 /* PriceHistoryGraph.swift */,
				D1E2BC75230C8686001EF5C1 /* PriceHistoryGraph.xib */,
			);
			path = Graphs;
			sourceTree = "<group>";
		};
/* End PBXGroup section */

/* Begin PBXNativeTarget section */
		D1E2BC1A230B1152001EF5C1 /* RISE */ = {
			isa = PBXNativeTarget;
			buildConfigurationList = D1E2BC43230B1156001EF5C1 /* Build configuration list for PBXNativeTarget "RISE" */;
			buildPhases = (
				AB9B3BE0D4271990189EFA14 /* [CP] Check Pods Manifest.lock */,
				D1E2BC17230B1152001EF5C1 /* Sources */,
				D1E2BC18230B1152001EF5C1 /* Frameworks */,
				D1E2BC19230B1152001EF5C1 /* Resources */,
				B99485F5CD9C4300ABC01F12 /* [CP] Embed Pods Frameworks */,
			);
			buildRules = (
			);
			dependencies = (
			);
			name = RISE;
			productName = RISE;
			productReference = D1E2BC1B230B1152001EF5C1 /* RISE.app */;
			productType = "com.apple.product-type.application";
		};
		D1E2BC2E230B1156001EF5C1 /* RISETests */ = {
			isa = PBXNativeTarget;
			buildConfigurationList = D1E2BC46230B1156001EF5C1 /* Build configuration list for PBXNativeTarget "RISETests" */;
			buildPhases = (
				7696C17EAACA76247035C80E /* [CP] Check Pods Manifest.lock */,
				D1E2BC2B230B1156001EF5C1 /* Sources */,
				D1E2BC2C230B1156001EF5C1 /* Frameworks */,
				D1E2BC2D230B1156001EF5C1 /* Resources */,
			);
			buildRules = (
			);
			dependencies = (
				D1E2BC31230B1156001EF5C1 /* PBXTargetDependency */,
			);
			name = RISETests;
			productName = RISETests;
			productReference = D1E2BC2F230B1156001EF5C1 /* RISETests.xctest */;
			productType = "com.apple.product-type.bundle.unit-test";
		};
		D1E2BC39230B1156001EF5C1 /* RISEUITests */ = {
			isa = PBXNativeTarget;
			buildConfigurationList = D1E2BC49230B1156001EF5C1 /* Build configuration list for PBXNativeTarget "RISEUITests" */;
			buildPhases = (
				351D015F31947808A30C67D1 /* [CP] Check Pods Manifest.lock */,
				D1E2BC36230B1156001EF5C1 /* Sources */,
				D1E2BC37230B1156001EF5C1 /* Frameworks */,
				D1E2BC38230B1156001EF5C1 /* Resources */,
			);
			buildRules = (
			);
			dependencies = (
				D1E2BC3C230B1156001EF5C1 /* PBXTargetDependency */,
			);
			name = RISEUITests;
			productName = RISEUITests;
			productReference = D1E2BC3A230B1156001EF5C1 /* RISEUITests.xctest */;
			productType = "com.apple.product-type.bundle.ui-testing";
		};
/* End PBXNativeTarget section */

/* Begin PBXProject section */
		D1E2BC13230B1152001EF5C1 /* Project object */ = {
			isa = PBXProject;
			attributes = {
				LastSwiftUpdateCheck = 1030;
				LastUpgradeCheck = 1030;
				ORGANIZATIONNAME = "Vikram Ramkumar";
				TargetAttributes = {
					D1E2BC1A230B1152001EF5C1 = {
						CreatedOnToolsVersion = 10.3;
					};
					D1E2BC2E230B1156001EF5C1 = {
						CreatedOnToolsVersion = 10.3;
						TestTargetID = D1E2BC1A230B1152001EF5C1;
					};
					D1E2BC39230B1156001EF5C1 = {
						CreatedOnToolsVersion = 10.3;
						TestTargetID = D1E2BC1A230B1152001EF5C1;
					};
				};
			};
			buildConfigurationList = D1E2BC16230B1152001EF5C1 /* Build configuration list for PBXProject "RISE" */;
			compatibilityVersion = "Xcode 9.3";
			developmentRegion = en;
			hasScannedForEncodings = 0;
			knownRegions = (
				en,
				Base,
			);
			mainGroup = D1E2BC12230B1152001EF5C1;
			productRefGroup = D1E2BC1C230B1152001EF5C1 /* Products */;
			projectDirPath = "";
			projectRoot = "";
			targets = (
				D1E2BC1A230B1152001EF5C1 /* RISE */,
				D1E2BC2E230B1156001EF5C1 /* RISETests */,
				D1E2BC39230B1156001EF5C1 /* RISEUITests */,
			);
		};
/* End PBXProject section */

/* Begin PBXResourcesBuildPhase section */
		D1E2BC19230B1152001EF5C1 /* Resources */ = {
			isa = PBXResourcesBuildPhase;
			buildActionMask = 2147483647;
			files = (
				D1E2BC65230B5ED0001EF5C1 /* AcquisitionView.xib in Resources */,
				D1E2BC61230B5D83001EF5C1 /* ConversionView.xib in Resources */,
				D1E2BC29230B1156001EF5C1 /* LaunchScreen.storyboard in Resources */,
				D1E2BC26230B1156001EF5C1 /* Assets.xcassets in Resources */,
				D1E2BC76230C8686001EF5C1 /* PriceHistoryGraph.xib in Resources */,
				D1E2BC24230B1152001EF5C1 /* Main.storyboard in Resources */,
				D1E2BC67230B6060001EF5C1 /* OverviewView.xib in Resources */,
			);
			runOnlyForDeploymentPostprocessing = 0;
		};
		D1E2BC2D230B1156001EF5C1 /* Resources */ = {
			isa = PBXResourcesBuildPhase;
			buildActionMask = 2147483647;
			files = (
			);
			runOnlyForDeploymentPostprocessing = 0;
		};
		D1E2BC38230B1156001EF5C1 /* Resources */ = {
			isa = PBXResourcesBuildPhase;
			buildActionMask = 2147483647;
			files = (
			);
			runOnlyForDeploymentPostprocessing = 0;
		};
/* End PBXResourcesBuildPhase section */

/* Begin PBXShellScriptBuildPhase section */
		351D015F31947808A30C67D1 /* [CP] Check Pods Manifest.lock */ = {
			isa = PBXShellScriptBuildPhase;
			buildActionMask = 2147483647;
			files = (
			);
			inputFileListPaths = (
			);
			inputPaths = (
				"${PODS_PODFILE_DIR_PATH}/Podfile.lock",
				"${PODS_ROOT}/Manifest.lock",
			);
			name = "[CP] Check Pods Manifest.lock";
			outputFileListPaths = (
			);
			outputPaths = (
				"$(DERIVED_FILE_DIR)/Pods-RISEUITests-checkManifestLockResult.txt",
			);
			runOnlyForDeploymentPostprocessing = 0;
			shellPath = /bin/sh;
			shellScript = "diff \"${PODS_PODFILE_DIR_PATH}/Podfile.lock\" \"${PODS_ROOT}/Manifest.lock\" > /dev/null\nif [ $? != 0 ] ; then\n    # print error to STDERR\n    echo \"error: The sandbox is not in sync with the Podfile.lock. Run 'pod install' or update your CocoaPods installation.\" >&2\n    exit 1\nfi\n# This output is used by Xcode 'outputs' to avoid re-running this script phase.\necho \"SUCCESS\" > \"${SCRIPT_OUTPUT_FILE_0}\"\n";
			showEnvVarsInLog = 0;
		};
		7696C17EAACA76247035C80E /* [CP] Check Pods Manifest.lock */ = {
			isa = PBXShellScriptBuildPhase;
			buildActionMask = 2147483647;
			files = (
			);
			inputFileListPaths = (
			);
			inputPaths = (
				"${PODS_PODFILE_DIR_PATH}/Podfile.lock",
				"${PODS_ROOT}/Manifest.lock",
			);
			name = "[CP] Check Pods Manifest.lock";
			outputFileListPaths = (
			);
			outputPaths = (
				"$(DERIVED_FILE_DIR)/Pods-RISETests-checkManifestLockResult.txt",
			);
			runOnlyForDeploymentPostprocessing = 0;
			shellPath = /bin/sh;
			shellScript = "diff \"${PODS_PODFILE_DIR_PATH}/Podfile.lock\" \"${PODS_ROOT}/Manifest.lock\" > /dev/null\nif [ $? != 0 ] ; then\n    # print error to STDERR\n    echo \"error: The sandbox is not in sync with the Podfile.lock. Run 'pod install' or update your CocoaPods installation.\" >&2\n    exit 1\nfi\n# This output is used by Xcode 'outputs' to avoid re-running this script phase.\necho \"SUCCESS\" > \"${SCRIPT_OUTPUT_FILE_0}\"\n";
			showEnvVarsInLog = 0;
		};
		AB9B3BE0D4271990189EFA14 /* [CP] Check Pods Manifest.lock */ = {
			isa = PBXShellScriptBuildPhase;
			buildActionMask = 2147483647;
			files = (
			);
			inputFileListPaths = (
			);
			inputPaths = (
				"${PODS_PODFILE_DIR_PATH}/Podfile.lock",
				"${PODS_ROOT}/Manifest.lock",
			);
			name = "[CP] Check Pods Manifest.lock";
			outputFileListPaths = (
			);
			outputPaths = (
				"$(DERIVED_FILE_DIR)/Pods-RISE-checkManifestLockResult.txt",
			);
			runOnlyForDeploymentPostprocessing = 0;
			shellPath = /bin/sh;
			shellScript = "diff \"${PODS_PODFILE_DIR_PATH}/Podfile.lock\" \"${PODS_ROOT}/Manifest.lock\" > /dev/null\nif [ $? != 0 ] ; then\n    # print error to STDERR\n    echo \"error: The sandbox is not in sync with the Podfile.lock. Run 'pod install' or update your CocoaPods installation.\" >&2\n    exit 1\nfi\n# This output is used by Xcode 'outputs' to avoid re-running this script phase.\necho \"SUCCESS\" > \"${SCRIPT_OUTPUT_FILE_0}\"\n";
			showEnvVarsInLog = 0;
		};
		B99485F5CD9C4300ABC01F12 /* [CP] Embed Pods Frameworks */ = {
			isa = PBXShellScriptBuildPhase;
			buildActionMask = 2147483647;
			files = (
			);
			inputFileListPaths = (
			);
			inputPaths = (
				"${SRCROOT}/Pods/Target Support Files/Pods-RISE/Pods-RISE-frameworks.sh",
				"${BUILT_PRODUCTS_DIR}/Alamofire/Alamofire.framework",
				"${BUILT_PRODUCTS_DIR}/Charts/Charts.framework",
				"${BUILT_PRODUCTS_DIR}/ObjectMapper/ObjectMapper.framework",
				"${BUILT_PRODUCTS_DIR}/RxAlamofire/RxAlamofire.framework",
				"${BUILT_PRODUCTS_DIR}/RxCocoa/RxCocoa.framework",
				"${BUILT_PRODUCTS_DIR}/RxGesture/RxGesture.framework",
				"${BUILT_PRODUCTS_DIR}/RxOptional/RxOptional.framework",
				"${BUILT_PRODUCTS_DIR}/RxRelay/RxRelay.framework",
				"${BUILT_PRODUCTS_DIR}/RxSwift/RxSwift.framework",
				"${BUILT_PRODUCTS_DIR}/iOSDropDown/iOSDropDown.framework",
			);
			name = "[CP] Embed Pods Frameworks";
			outputFileListPaths = (
			);
			outputPaths = (
				"${TARGET_BUILD_DIR}/${FRAMEWORKS_FOLDER_PATH}/Alamofire.framework",
				"${TARGET_BUILD_DIR}/${FRAMEWORKS_FOLDER_PATH}/Charts.framework",
				"${TARGET_BUILD_DIR}/${FRAMEWORKS_FOLDER_PATH}/ObjectMapper.framework",
				"${TARGET_BUILD_DIR}/${FRAMEWORKS_FOLDER_PATH}/RxAlamofire.framework",
				"${TARGET_BUILD_DIR}/${FRAMEWORKS_FOLDER_PATH}/RxCocoa.framework",
				"${TARGET_BUILD_DIR}/${FRAMEWORKS_FOLDER_PATH}/RxGesture.framework",
				"${TARGET_BUILD_DIR}/${FRAMEWORKS_FOLDER_PATH}/RxOptional.framework",
				"${TARGET_BUILD_DIR}/${FRAMEWORKS_FOLDER_PATH}/RxRelay.framework",
				"${TARGET_BUILD_DIR}/${FRAMEWORKS_FOLDER_PATH}/RxSwift.framework",
				"${TARGET_BUILD_DIR}/${FRAMEWORKS_FOLDER_PATH}/iOSDropDown.framework",
			);
			runOnlyForDeploymentPostprocessing = 0;
			shellPath = /bin/sh;
			shellScript = "\"${SRCROOT}/Pods/Target Support Files/Pods-RISE/Pods-RISE-frameworks.sh\"\n";
			showEnvVarsInLog = 0;
		};
/* End PBXShellScriptBuildPhase section */

/* Begin PBXSourcesBuildPhase section */
		D1E2BC17230B1152001EF5C1 /* Sources */ = {
			isa = PBXSourcesBuildPhase;
			buildActionMask = 2147483647;
			files = (
				D1E2BC78230CB454001EF5C1 /* PropertyListVC.swift in Sources */,
				D1E2BC5A230B5B55001EF5C1 /* AcquisitionView.swift in Sources */,
				D1E2BC5D230B5CCC001EF5C1 /* NibView.swift in Sources */,
				D1E2BC55230B56C9001EF5C1 /* DashboardVC.swift in Sources */,
				D1B5B5C0230DF3EE00918DFF /* Enums.swift in Sources */,
				D1E2BC6E230B7144001EF5C1 /* RiseApi.swift in Sources */,
				D1E2BC74230B8A0A001EF5C1 /* TestModel.swift in Sources */,
				D1E2BC69230B610F001EF5C1 /* OverviewView.swift in Sources */,
				D1E2BC6C230B671D001EF5C1 /* NavigationController.swift in Sources */,
				D1E2BC1F230B1152001EF5C1 /* AppDelegate.swift in Sources */,
				D1E2BC63230B5E10001EF5C1 /* Color.swift in Sources */,
				D1E2BC5F230B5D25001EF5C1 /* ConversionView.swift in Sources */,
				D1E2BC53230B55BA001EF5C1 /* PriceHistoryGraph.swift in Sources */,
				D1E2BC70230B77A0001EF5C1 /* SessionManager.swift in Sources */,
			);
			runOnlyForDeploymentPostprocessing = 0;
		};
		D1E2BC2B230B1156001EF5C1 /* Sources */ = {
			isa = PBXSourcesBuildPhase;
			buildActionMask = 2147483647;
			files = (
				D1E2BC34230B1156001EF5C1 /* RISETests.swift in Sources */,
			);
			runOnlyForDeploymentPostprocessing = 0;
		};
		D1E2BC36230B1156001EF5C1 /* Sources */ = {
			isa = PBXSourcesBuildPhase;
			buildActionMask = 2147483647;
			files = (
				D1E2BC3F230B1156001EF5C1 /* RISEUITests.swift in Sources */,
			);
			runOnlyForDeploymentPostprocessing = 0;
		};
/* End PBXSourcesBuildPhase section */

/* Begin PBXTargetDependency section */
		D1E2BC31230B1156001EF5C1 /* PBXTargetDependency */ = {
			isa = PBXTargetDependency;
			target = D1E2BC1A230B1152001EF5C1 /* RISE */;
			targetProxy = D1E2BC30230B1156001EF5C1 /* PBXContainerItemProxy */;
		};
		D1E2BC3C230B1156001EF5C1 /* PBXTargetDependency */ = {
			isa = PBXTargetDependency;
			target = D1E2BC1A230B1152001EF5C1 /* RISE */;
			targetProxy = D1E2BC3B230B1156001EF5C1 /* PBXContainerItemProxy */;
		};
/* End PBXTargetDependency section */

/* Begin PBXVariantGroup section */
		D1E2BC22230B1152001EF5C1 /* Main.storyboard */ = {
			isa = PBXVariantGroup;
			children = (
				D1E2BC23230B1152001EF5C1 /* Base */,
			);
			name = Main.storyboard;
			sourceTree = "<group>";
		};
		D1E2BC27230B1156001EF5C1 /* LaunchScreen.storyboard */ = {
			isa = PBXVariantGroup;
			children = (
				D1E2BC28230B1156001EF5C1 /* Base */,
			);
			name = LaunchScreen.storyboard;
			sourceTree = "<group>";
		};
/* End PBXVariantGroup section */

/* Begin XCBuildConfiguration section */
		D1E2BC41230B1156001EF5C1 /* Debug */ = {
			isa = XCBuildConfiguration;
			buildSettings = {
				ALWAYS_SEARCH_USER_PATHS = NO;
				CLANG_ANALYZER_NONNULL = YES;
				CLANG_ANALYZER_NUMBER_OBJECT_CONVERSION = YES_AGGRESSIVE;
				CLANG_CXX_LANGUAGE_STANDARD = "gnu++14";
				CLANG_CXX_LIBRARY = "libc++";
				CLANG_ENABLE_MODULES = YES;
				CLANG_ENABLE_OBJC_ARC = YES;
				CLANG_ENABLE_OBJC_WEAK = YES;
				CLANG_WARN_BLOCK_CAPTURE_AUTORELEASING = YES;
				CLANG_WARN_BOOL_CONVERSION = YES;
				CLANG_WARN_COMMA = YES;
				CLANG_WARN_CONSTANT_CONVERSION = YES;
				CLANG_WARN_DEPRECATED_OBJC_IMPLEMENTATIONS = YES;
				CLANG_WARN_DIRECT_OBJC_ISA_USAGE = YES_ERROR;
				CLANG_WARN_DOCUMENTATION_COMMENTS = YES;
				CLANG_WARN_EMPTY_BODY = YES;
				CLANG_WARN_ENUM_CONVERSION = YES;
				CLANG_WARN_INFINITE_RECURSION = YES;
				CLANG_WARN_INT_CONVERSION = YES;
				CLANG_WARN_NON_LITERAL_NULL_CONVERSION = YES;
				CLANG_WARN_OBJC_IMPLICIT_RETAIN_SELF = YES;
				CLANG_WARN_OBJC_LITERAL_CONVERSION = YES;
				CLANG_WARN_OBJC_ROOT_CLASS = YES_ERROR;
				CLANG_WARN_RANGE_LOOP_ANALYSIS = YES;
				CLANG_WARN_STRICT_PROTOTYPES = YES;
				CLANG_WARN_SUSPICIOUS_MOVE = YES;
				CLANG_WARN_UNGUARDED_AVAILABILITY = YES_AGGRESSIVE;
				CLANG_WARN_UNREACHABLE_CODE = YES;
				CLANG_WARN__DUPLICATE_METHOD_MATCH = YES;
				CODE_SIGN_IDENTITY = "iPhone Developer";
				COPY_PHASE_STRIP = NO;
				DEBUG_INFORMATION_FORMAT = dwarf;
				ENABLE_STRICT_OBJC_MSGSEND = YES;
				ENABLE_TESTABILITY = YES;
				GCC_C_LANGUAGE_STANDARD = gnu11;
				GCC_DYNAMIC_NO_PIC = NO;
				GCC_NO_COMMON_BLOCKS = YES;
				GCC_OPTIMIZATION_LEVEL = 0;
				GCC_PREPROCESSOR_DEFINITIONS = (
					"DEBUG=1",
					"$(inherited)",
				);
				GCC_WARN_64_TO_32_BIT_CONVERSION = YES;
				GCC_WARN_ABOUT_RETURN_TYPE = YES_ERROR;
				GCC_WARN_UNDECLARED_SELECTOR = YES;
				GCC_WARN_UNINITIALIZED_AUTOS = YES_AGGRESSIVE;
				GCC_WARN_UNUSED_FUNCTION = YES;
				GCC_WARN_UNUSED_VARIABLE = YES;
				IPHONEOS_DEPLOYMENT_TARGET = 11.3;
				MTL_ENABLE_DEBUG_INFO = INCLUDE_SOURCE;
				MTL_FAST_MATH = YES;
				ONLY_ACTIVE_ARCH = YES;
				SDKROOT = iphoneos;
				SWIFT_ACTIVE_COMPILATION_CONDITIONS = DEBUG;
				SWIFT_OPTIMIZATION_LEVEL = "-Onone";
			};
			name = Debug;
		};
		D1E2BC42230B1156001EF5C1 /* Release */ = {
			isa = XCBuildConfiguration;
			buildSettings = {
				ALWAYS_SEARCH_USER_PATHS = NO;
				CLANG_ANALYZER_NONNULL = YES;
				CLANG_ANALYZER_NUMBER_OBJECT_CONVERSION = YES_AGGRESSIVE;
				CLANG_CXX_LANGUAGE_STANDARD = "gnu++14";
				CLANG_CXX_LIBRARY = "libc++";
				CLANG_ENABLE_MODULES = YES;
				CLANG_ENABLE_OBJC_ARC = YES;
				CLANG_ENABLE_OBJC_WEAK = YES;
				CLANG_WARN_BLOCK_CAPTURE_AUTORELEASING = YES;
				CLANG_WARN_BOOL_CONVERSION = YES;
				CLANG_WARN_COMMA = YES;
				CLANG_WARN_CONSTANT_CONVERSION = YES;
				CLANG_WARN_DEPRECATED_OBJC_IMPLEMENTATIONS = YES;
				CLANG_WARN_DIRECT_OBJC_ISA_USAGE = YES_ERROR;
				CLANG_WARN_DOCUMENTATION_COMMENTS = YES;
				CLANG_WARN_EMPTY_BODY = YES;
				CLANG_WARN_ENUM_CONVERSION = YES;
				CLANG_WARN_INFINITE_RECURSION = YES;
				CLANG_WARN_INT_CONVERSION = YES;
				CLANG_WARN_NON_LITERAL_NULL_CONVERSION = YES;
				CLANG_WARN_OBJC_IMPLICIT_RETAIN_SELF = YES;
				CLANG_WARN_OBJC_LITERAL_CONVERSION = YES;
				CLANG_WARN_OBJC_ROOT_CLASS = YES_ERROR;
				CLANG_WARN_RANGE_LOOP_ANALYSIS = YES;
				CLANG_WARN_STRICT_PROTOTYPES = YES;
				CLANG_WARN_SUSPICIOUS_MOVE = YES;
				CLANG_WARN_UNGUARDED_AVAILABILITY = YES_AGGRESSIVE;
				CLANG_WARN_UNREACHABLE_CODE = YES;
				CLANG_WARN__DUPLICATE_METHOD_MATCH = YES;
				CODE_SIGN_IDENTITY = "iPhone Developer";
				COPY_PHASE_STRIP = NO;
				DEBUG_INFORMATION_FORMAT = "dwarf-with-dsym";
				ENABLE_NS_ASSERTIONS = NO;
				ENABLE_STRICT_OBJC_MSGSEND = YES;
				GCC_C_LANGUAGE_STANDARD = gnu11;
				GCC_NO_COMMON_BLOCKS = YES;
				GCC_WARN_64_TO_32_BIT_CONVERSION = YES;
				GCC_WARN_ABOUT_RETURN_TYPE = YES_ERROR;
				GCC_WARN_UNDECLARED_SELECTOR = YES;
				GCC_WARN_UNINITIALIZED_AUTOS = YES_AGGRESSIVE;
				GCC_WARN_UNUSED_FUNCTION = YES;
				GCC_WARN_UNUSED_VARIABLE = YES;
				IPHONEOS_DEPLOYMENT_TARGET = 11.3;
				MTL_ENABLE_DEBUG_INFO = NO;
				MTL_FAST_MATH = YES;
				SDKROOT = iphoneos;
				SWIFT_COMPILATION_MODE = wholemodule;
				SWIFT_OPTIMIZATION_LEVEL = "-O";
				VALIDATE_PRODUCT = YES;
			};
			name = Release;
		};
		D1E2BC44230B1156001EF5C1 /* Debug */ = {
			isa = XCBuildConfiguration;
			baseConfigurationReference = 080C2273271F6687900A5F10 /* Pods-RISE.debug.xcconfig */;
			buildSettings = {
				ASSETCATALOG_COMPILER_APPICON_NAME = AppIcon;
				CODE_SIGN_STYLE = Automatic;
				DEVELOPMENT_TEAM = 6737CCTUUP;
				INFOPLIST_FILE = RISE/Info.plist;
				LD_RUNPATH_SEARCH_PATHS = (
					"$(inherited)",
					"@executable_path/Frameworks",
				);
				PRODUCT_BUNDLE_IDENTIFIER = com.vikram.RISE;
				PRODUCT_NAME = "$(TARGET_NAME)";
				SWIFT_VERSION = 5.0;
				TARGETED_DEVICE_FAMILY = "1,2";
			};
			name = Debug;
		};
		D1E2BC45230B1156001EF5C1 /* Release */ = {
			isa = XCBuildConfiguration;
			baseConfigurationReference = 7D5AF16D074B02917B8211D1 /* Pods-RISE.release.xcconfig */;
			buildSettings = {
				ASSETCATALOG_COMPILER_APPICON_NAME = AppIcon;
				CODE_SIGN_STYLE = Automatic;
				DEVELOPMENT_TEAM = 6737CCTUUP;
				INFOPLIST_FILE = RISE/Info.plist;
				LD_RUNPATH_SEARCH_PATHS = (
					"$(inherited)",
					"@executable_path/Frameworks",
				);
				PRODUCT_BUNDLE_IDENTIFIER = com.vikram.RISE;
				PRODUCT_NAME = "$(TARGET_NAME)";
				SWIFT_VERSION = 5.0;
				TARGETED_DEVICE_FAMILY = "1,2";
			};
			name = Release;
		};
		D1E2BC47230B1156001EF5C1 /* Debug */ = {
			isa = XCBuildConfiguration;
			baseConfigurationReference = 5CFD04870FE5162DC160A639 /* Pods-RISETests.debug.xcconfig */;
			buildSettings = {
				ALWAYS_EMBED_SWIFT_STANDARD_LIBRARIES = YES;
				BUNDLE_LOADER = "$(TEST_HOST)";
				CODE_SIGN_STYLE = Automatic;
				DEVELOPMENT_TEAM = 6737CCTUUP;
				INFOPLIST_FILE = RISETests/Info.plist;
				LD_RUNPATH_SEARCH_PATHS = (
					"$(inherited)",
					"@executable_path/Frameworks",
					"@loader_path/Frameworks",
				);
				PRODUCT_BUNDLE_IDENTIFIER = com.vikram.RISETests;
				PRODUCT_NAME = "$(TARGET_NAME)";
				SWIFT_VERSION = 5.0;
				TARGETED_DEVICE_FAMILY = "1,2";
				TEST_HOST = "$(BUILT_PRODUCTS_DIR)/RISE.app/RISE";
			};
			name = Debug;
		};
		D1E2BC48230B1156001EF5C1 /* Release */ = {
			isa = XCBuildConfiguration;
			baseConfigurationReference = FE22B912CD598BEFFE150721 /* Pods-RISETests.release.xcconfig */;
			buildSettings = {
				ALWAYS_EMBED_SWIFT_STANDARD_LIBRARIES = YES;
				BUNDLE_LOADER = "$(TEST_HOST)";
				CODE_SIGN_STYLE = Automatic;
				DEVELOPMENT_TEAM = 6737CCTUUP;
				INFOPLIST_FILE = RISETests/Info.plist;
				LD_RUNPATH_SEARCH_PATHS = (
					"$(inherited)",
					"@executable_path/Frameworks",
					"@loader_path/Frameworks",
				);
				PRODUCT_BUNDLE_IDENTIFIER = com.vikram.RISETests;
				PRODUCT_NAME = "$(TARGET_NAME)";
				SWIFT_VERSION = 5.0;
				TARGETED_DEVICE_FAMILY = "1,2";
				TEST_HOST = "$(BUILT_PRODUCTS_DIR)/RISE.app/RISE";
			};
			name = Release;
		};
		D1E2BC4A230B1156001EF5C1 /* Debug */ = {
			isa = XCBuildConfiguration;
			baseConfigurationReference = DD469FF8AF6B510A4BA61442 /* Pods-RISEUITests.debug.xcconfig */;
			buildSettings = {
				ALWAYS_EMBED_SWIFT_STANDARD_LIBRARIES = YES;
				CODE_SIGN_STYLE = Automatic;
				DEVELOPMENT_TEAM = 6737CCTUUP;
				INFOPLIST_FILE = RISEUITests/Info.plist;
				LD_RUNPATH_SEARCH_PATHS = (
					"$(inherited)",
					"@executable_path/Frameworks",
					"@loader_path/Frameworks",
				);
				PRODUCT_BUNDLE_IDENTIFIER = com.vikram.RISEUITests;
				PRODUCT_NAME = "$(TARGET_NAME)";
				SWIFT_VERSION = 5.0;
				TARGETED_DEVICE_FAMILY = "1,2";
				TEST_TARGET_NAME = RISE;
			};
			name = Debug;
		};
		D1E2BC4B230B1156001EF5C1 /* Release */ = {
			isa = XCBuildConfiguration;
			baseConfigurationReference = A16ACB4111D8253B3C03A2E7 /* Pods-RISEUITests.release.xcconfig */;
			buildSettings = {
				ALWAYS_EMBED_SWIFT_STANDARD_LIBRARIES = YES;
				CODE_SIGN_STYLE = Automatic;
				DEVELOPMENT_TEAM = 6737CCTUUP;
				INFOPLIST_FILE = RISEUITests/Info.plist;
				LD_RUNPATH_SEARCH_PATHS = (
					"$(inherited)",
					"@executable_path/Frameworks",
					"@loader_path/Frameworks",
				);
				PRODUCT_BUNDLE_IDENTIFIER = com.vikram.RISEUITests;
				PRODUCT_NAME = "$(TARGET_NAME)";
				SWIFT_VERSION = 5.0;
				TARGETED_DEVICE_FAMILY = "1,2";
				TEST_TARGET_NAME = RISE;
			};
			name = Release;
		};
/* End XCBuildConfiguration section */

/* Begin XCConfigurationList section */
		D1E2BC16230B1152001EF5C1 /* Build configuration list for PBXProject "RISE" */ = {
			isa = XCConfigurationList;
			buildConfigurations = (
				D1E2BC41230B1156001EF5C1 /* Debug */,
				D1E2BC42230B1156001EF5C1 /* Release */,
			);
			defaultConfigurationIsVisible = 0;
			defaultConfigurationName = Release;
		};
		D1E2BC43230B1156001EF5C1 /* Build configuration list for PBXNativeTarget "RISE" */ = {
			isa = XCConfigurationList;
			buildConfigurations = (
				D1E2BC44230B1156001EF5C1 /* Debug */,
				D1E2BC45230B1156001EF5C1 /* Release */,
			);
			defaultConfigurationIsVisible = 0;
			defaultConfigurationName = Release;
		};
		D1E2BC46230B1156001EF5C1 /* Build configuration list for PBXNativeTarget "RISETests" */ = {
			isa = XCConfigurationList;
			buildConfigurations = (
				D1E2BC47230B1156001EF5C1 /* Debug */,
				D1E2BC48230B1156001EF5C1 /* Release */,
			);
			defaultConfigurationIsVisible = 0;
			defaultConfigurationName = Release;
		};
		D1E2BC49230B1156001EF5C1 /* Build configuration list for PBXNativeTarget "RISEUITests" */ = {
			isa = XCConfigurationList;
			buildConfigurations = (
				D1E2BC4A230B1156001EF5C1 /* Debug */,
				D1E2BC4B230B1156001EF5C1 /* Release */,
			);
			defaultConfigurationIsVisible = 0;
			defaultConfigurationName = Release;
		};
/* End XCConfigurationList section */
	};
	rootObject = D1E2BC13230B1152001EF5C1 /* Project object */;
}
