// !$*UTF8*$!
{
	archiveVersion = 1;
	classes = {
	};
	objectVersion = 50;
	objects = {

/* Begin PBXBuildFile section */
		D1E2BC1F230B1152001EF5C1 /* AppDelegate.swift in Sources */ = {isa = PBXBuildFile; fileRef = D1E2BC1E230B1152001EF5C1 /* AppDelegate.swift */; };
		D1E2BC21230B1152001EF5C1 /* ViewController.swift in Sources */ = {isa = PBXBuildFile; fileRef = D1E2BC20230B1152001EF5C1 /* ViewController.swift */; };
		D1E2BC24230B1152001EF5C1 /* Main.storyboard in Resources */ = {isa = PBXBuildFile; fileRef = D1E2BC22230B1152001EF5C1 /* Main.storyboard */; };
		D1E2BC26230B1156001EF5C1 /* Assets.xcassets in Resources */ = {isa = PBXBuildFile; fileRef = D1E2BC25230B1156001EF5C1 /* Assets.xcassets */; };
		D1E2BC29230B1156001EF5C1 /* LaunchScreen.storyboard in Resources */ = {isa = PBXBuildFile; fileRef = D1E2BC27230B1156001EF5C1 /* LaunchScreen.storyboard */; };
		D1E2BC34230B1156001EF5C1 /* RISETests.swift in Sources */ = {isa = PBXBuildFile; fileRef = D1E2BC33230B1156001EF5C1 /* RISETests.swift */; };
		D1E2BC3F230B1156001EF5C1 /* RISEUITests.swift in Sources */ = {isa = PBXBuildFile; fileRef = D1E2BC3E230B1156001EF5C1 /* RISEUITests.swift */; };
/* End PBXBuildFile section */

/* Begin PBXContainerItemProxy section */
		D1E2BC30230B1156001EF5C1 /* PBXContainerItemProxy */ = {
			isa = PBXContainerItemProxy;
			containerPortal = D1E2BC13230B1152001EF5C1 /* Project object */;
			proxyType = 1;
			remoteGlobalIDString = D1E2BC1A230B1152001EF5C1;
			remoteInfo = RISE;
		};
		D1E2BC3B230B1156001EF5C1 /* PBXContainerItemProxy */ = {
			isa = PBXContainerItemProxy;
			containerPortal = D1E2BC13230B1152001EF5C1 /* Project object */;
			proxyType = 1;
			remoteGlobalIDString = D1E2BC1A230B1152001EF5C1;
			remoteInfo = RISE;
		};
/* End PBXContainerItemProxy section */

/* Begin PBXFileReference section */
		D1E2BC1B230B1152001EF5C1 /* RISE.app */ = {isa = PBXFileReference; explicitFileType = wrapper.application; includeInIndex = 0; path = RISE.app; sourceTree = BUILT_PRODUCTS_DIR; };
		D1E2BC1E230B1152001EF5C1 /* AppDelegate.swift */ = {isa = PBXFileReference; lastKnownFileType = sourcecode.swift; path = AppDelegate.swift; sourceTree = "<group>"; };
		D1E2BC20230B1152001EF5C1 /* ViewController.swift */ = {isa = PBXFileReference; lastKnownFileType = sourcecode.swift; path = ViewController.swift; sourceTree = "<group>"; };
		D1E2BC23230B1152001EF5C1 /* Base */ = {isa = PBXFileReference; lastKnownFileType = file.storyboard; name = Base; path = Base.lproj/Main.storyboard; sourceTree = "<group>"; };
		D1E2BC25230B1156001EF5C1 /* Assets.xcassets */ = {isa = PBXFileReference; lastKnownFileType = folder.assetcatalog; path = Assets.xcassets; sourceTree = "<group>"; };
		D1E2BC28230B1156001EF5C1 /* Base */ = {isa = PBXFileReference; lastKnownFileType = file.storyboard; name = Base; path = Base.lproj/LaunchScreen.storyboard; sourceTree = "<group>"; };
		D1E2BC2A230B1156001EF5C1 /* Info.plist */ = {isa = PBXFileReference; lastKnownFileType = text.plist.xml; path = Info.plist; sourceTree = "<group>"; };
		D1E2BC2F230B1156001EF5C1 /* RISETests.xctest */ = {isa = PBXFileReference; explicitFileType = wrapper.cfbundle; includeInIndex = 0; path = RISETests.xctest; sourceTree = BUILT_PRODUCTS_DIR; };
		D1E2BC33230B1156001EF5C1 /* RISETests.swift */ = {isa = PBXFileReference; lastKnownFileType = sourcecode.swift; path = RISETests.swift; sourceTree = "<group>"; };
		D1E2BC35230B1156001EF5C1 /* Info.plist */ = {isa = PBXFileReference; lastKnownFileType = text.plist.xml; path = Info.plist; sourceTree = "<group>"; };
		D1E2BC3A230B1156001EF5C1 /* RISEUITests.xctest */ = {isa = PBXFileReference; explicitFileType = wrapper.cfbundle; includeInIndex = 0; path = RISEUITests.xctest; sourceTree = BUILT_PRODUCTS_DIR; };
		D1E2BC3E230B1156001EF5C1 /* RISEUITests.swift */ = {isa = PBXFileReference; lastKnownFileType = sourcecode.swift; path = RISEUITests.swift; sourceTree = "<group>"; };
		D1E2BC40230B1156001EF5C1 /* Info.plist */ = {isa = PBXFileReference; lastKnownFileType = text.plist.xml; path = Info.plist; sourceTree = "<group>"; };
/* End PBXFileReference section */

/* Begin PBXFrameworksBuildPhase section */
		D1E2BC18230B1152001EF5C1 /* Frameworks */ = {
			isa = PBXFrameworksBuildPhase;
			buildActionMask = 2147483647;
			files = (
			);
			runOnlyForDeploymentPostprocessing = 0;
		};
		D1E2BC2C230B1156001EF5C1 /* Frameworks */ = {
			isa = PBXFrameworksBuildPhase;
			buildActionMask = 2147483647;
			files = (
			);
			runOnlyForDeploymentPostprocessing = 0;
		};
		D1E2BC37230B1156001EF5C1 /* Frameworks */ = {
			isa = PBXFrameworksBuildPhase;
			buildActionMask = 2147483647;
			files = (
			);
			runOnlyForDeploymentPostprocessing = 0;
		};
/* End PBXFrameworksBuildPhase section */

/* Begin PBXGroup section */
		D1E2BC12230B1152001EF5C1 = {
			isa = PBXGroup;
			children = (
				D1E2BC1D230B1152001EF5C1 /* RISE */,
				D1E2BC32230B1156001EF5C1 /* RISETests */,
				D1E2BC3D230B1156001EF5C1 /* RISEUITests */,
				D1E2BC1C230B1152001EF5C1 /* Products */,
			);
			sourceTree = "<group>";
		};
		D1E2BC1C230B1152001EF5C1 /* Products */ = {
			isa = PBXGroup;
			children = (
				D1E2BC1B230B1152001EF5C1 /* RISE.app */,
				D1E2BC2F230B1156001EF5C1 /* RISETests.xctest */,
				D1E2BC3A230B1156001EF5C1 /* RISEUITests.xctest */,
			);
			name = Products;
			sourceTree = "<group>";
		};
		D1E2BC1D230B1152001EF5C1 /* RISE */ = {
			isa = PBXGroup;
			children = (
				D1E2BC1E230B1152001EF5C1 /* AppDelegate.swift */,
				D1E2BC20230B1152001EF5C1 /* ViewController.swift */,
				D1E2BC22230B1152001EF5C1 /* Main.storyboard */,
				D1E2BC25230B1156001EF5C1 /* Assets.xcassets */,
				D1E2BC27230B1156001EF5C1 /* LaunchScreen.storyboard */,
				D1E2BC2A230B1156001EF5C1 /* Info.plist */,
			);
			path = RISE;
			sourceTree = "<group>";
		};
		D1E2BC32230B1156001EF5C1 /* RISETests */ = {
			isa = PBXGroup;
			children = (
				D1E2BC33230B1156001EF5C1 /* RISETests.swift */,
				D1E2BC35230B1156001EF5C1 /* Info.plist */,
			);
			path = RISETests;
			sourceTree = "<group>";
		};
		D1E2BC3D230B1156001EF5C1 /* RISEUITests */ = {
			isa = PBXGroup;
			children = (
				D1E2BC3E230B1156001EF5C1 /* RISEUITests.swift */,
				D1E2BC40230B1156001EF5C1 /* Info.plist */,
			);
			path = RISEUITests;
			sourceTree = "<group>";
		};
/* End PBXGroup section */

/* Begin PBXNativeTarget section */
		D1E2BC1A230B1152001EF5C1 /* RISE */ = {
			isa = PBXNativeTarget;
			buildConfigurationList = D1E2BC43230B1156001EF5C1 /* Build configuration list for PBXNativeTarget "RISE" */;
			buildPhases = (
				D1E2BC17230B1152001EF5C1 /* Sources */,
				D1E2BC18230B1152001EF5C1 /* Frameworks */,
				D1E2BC19230B1152001EF5C1 /* Resources */,
			);
			buildRules = (
			);
			dependencies = (
			);
			name = RISE;
			productName = RISE;
			productReference = D1E2BC1B230B1152001EF5C1 /* RISE.app */;
			productType = "com.apple.product-type.application";
		};
		D1E2BC2E230B1156001EF5C1 /* RISETests */ = {
			isa = PBXNativeTarget;
			buildConfigurationList = D1E2BC46230B1156001EF5C1 /* Build configuration list for PBXNativeTarget "RISETests" */;
			buildPhases = (
				D1E2BC2B230B1156001EF5C1 /* Sources */,
				D1E2BC2C230B1156001EF5C1 /* Frameworks */,
				D1E2BC2D230B1156001EF5C1 /* Resources */,
			);
			buildRules = (
			);
			dependencies = (
				D1E2BC31230B1156001EF5C1 /* PBXTargetDependency */,
			);
			name = RISETests;
			productName = RISETests;
			productReference = D1E2BC2F230B1156001EF5C1 /* RISETests.xctest */;
			productType = "com.apple.product-type.bundle.unit-test";
		};
		D1E2BC39230B1156001EF5C1 /* RISEUITests */ = {
			isa = PBXNativeTarget;
			buildConfigurationList = D1E2BC49230B1156001EF5C1 /* Build configuration list for PBXNativeTarget "RISEUITests" */;
			buildPhases = (
				D1E2BC36230B1156001EF5C1 /* Sources */,
				D1E2BC37230B1156001EF5C1 /* Frameworks */,
				D1E2BC38230B1156001EF5C1 /* Resources */,
			);
			buildRules = (
			);
			dependencies = (
				D1E2BC3C230B1156001EF5C1 /* PBXTargetDependency */,
			);
			name = RISEUITests;
			productName = RISEUITests;
			productReference = D1E2BC3A230B1156001EF5C1 /* RISEUITests.xctest */;
			productType = "com.apple.product-type.bundle.ui-testing";
		};
/* End PBXNativeTarget section */

/* Begin PBXProject section */
		D1E2BC13230B1152001EF5C1 /* Project object */ = {
			isa = PBXProject;
			attributes = {
				LastSwiftUpdateCheck = 1030;
				LastUpgradeCheck = 1030;
				ORGANIZATIONNAME = "Vikram Ramkumar";
				TargetAttributes = {
					D1E2BC1A230B1152001EF5C1 = {
						CreatedOnToolsVersion = 10.3;
					};
					D1E2BC2E230B1156001EF5C1 = {
						CreatedOnToolsVersion = 10.3;
						TestTargetID = D1E2BC1A230B1152001EF5C1;
					};
					D1E2BC39230B1156001EF5C1 = {
						CreatedOnToolsVersion = 10.3;
						TestTargetID = D1E2BC1A230B1152001EF5C1;
					};
				};
			};
			buildConfigurationList = D1E2BC16230B1152001EF5C1 /* Build configuration list for PBXProject "RISE" */;
			compatibilityVersion = "Xcode 9.3";
			developmentRegion = en;
			hasScannedForEncodings = 0;
			knownRegions = (
				en,
				Base,
			);
			mainGroup = D1E2BC12230B1152001EF5C1;
			productRefGroup = D1E2BC1C230B1152001EF5C1 /* Products */;
			projectDirPath = "";
			projectRoot = "";
			targets = (
				D1E2BC1A230B1152001EF5C1 /* RISE */,
				D1E2BC2E230B1156001EF5C1 /* RISETests */,
				D1E2BC39230B1156001EF5C1 /* RISEUITests */,
			);
		};
/* End PBXProject section */

/* Begin PBXResourcesBuildPhase section */
		D1E2BC19230B1152001EF5C1 /* Resources */ = {
			isa = PBXResourcesBuildPhase;
			buildActionMask = 2147483647;
			files = (
				D1E2BC29230B1156001EF5C1 /* LaunchScreen.storyboard in Resources */,
				D1E2BC26230B1156001EF5C1 /* Assets.xcassets in Resources */,
				D1E2BC24230B1152001EF5C1 /* Main.storyboard in Resources */,
			);
			runOnlyForDeploymentPostprocessing = 0;
		};
		D1E2BC2D230B1156001EF5C1 /* Resources */ = {
			isa = PBXResourcesBuildPhase;
			buildActionMask = 2147483647;
			files = (
			);
			runOnlyForDeploymentPostprocessing = 0;
		};
		D1E2BC38230B1156001EF5C1 /* Resources */ = {
			isa = PBXResourcesBuildPhase;
			buildActionMask = 2147483647;
			files = (
			);
			runOnlyForDeploymentPostprocessing = 0;
		};
/* End PBXResourcesBuildPhase section */

/* Begin PBXSourcesBuildPhase section */
		D1E2BC17230B1152001EF5C1 /* Sources */ = {
			isa = PBXSourcesBuildPhase;
			buildActionMask = 2147483647;
			files = (
				D1E2BC21230B1152001EF5C1 /* ViewController.swift in Sources */,
				D1E2BC1F230B1152001EF5C1 /* AppDelegate.swift in Sources */,
			);
			runOnlyForDeploymentPostprocessing = 0;
		};
		D1E2BC2B230B1156001EF5C1 /* Sources */ = {
			isa = PBXSourcesBuildPhase;
			buildActionMask = 2147483647;
			files = (
				D1E2BC34230B1156001EF5C1 /* RISETests.swift in Sources */,
			);
			runOnlyForDeploymentPostprocessing = 0;
		};
		D1E2BC36230B1156001EF5C1 /* Sources */ = {
			isa = PBXSourcesBuildPhase;
			buildActionMask = 2147483647;
			files = (
				D1E2BC3F230B1156001EF5C1 /* RISEUITests.swift in Sources */,
			);
			runOnlyForDeploymentPostprocessing = 0;
		};
/* End PBXSourcesBuildPhase section */

/* Begin PBXTargetDependency section */
		D1E2BC31230B1156001EF5C1 /* PBXTargetDependency */ = {
			isa = PBXTargetDependency;
			target = D1E2BC1A230B1152001EF5C1 /* RISE */;
			targetProxy = D1E2BC30230B1156001EF5C1 /* PBXContainerItemProxy */;
		};
		D1E2BC3C230B1156001EF5C1 /* PBXTargetDependency */ = {
			isa = PBXTargetDependency;
			target = D1E2BC1A230B1152001EF5C1 /* RISE */;
			targetProxy = D1E2BC3B230B1156001EF5C1 /* PBXContainerItemProxy */;
		};
/* End PBXTargetDependency section */

/* Begin PBXVariantGroup section */
		D1E2BC22230B1152001EF5C1 /* Main.storyboard */ = {
			isa = PBXVariantGroup;
			children = (
				D1E2BC23230B1152001EF5C1 /* Base */,
			);
			name = Main.storyboard;
			sourceTree = "<group>";
		};
		D1E2BC27230B1156001EF5C1 /* LaunchScreen.storyboard */ = {
			isa = PBXVariantGroup;
			children = (
				D1E2BC28230B1156001EF5C1 /* Base */,
			);
			name = LaunchScreen.storyboard;
			sourceTree = "<group>";
		};
/* End PBXVariantGroup section */

/* Begin XCBuildConfiguration section */
		D1E2BC41230B1156001EF5C1 /* Debug */ = {
			isa = XCBuildConfiguration;
			buildSettings = {
				ALWAYS_SEARCH_USER_PATHS = NO;
				CLANG_ANALYZER_NONNULL = YES;
				CLANG_ANALYZER_NUMBER_OBJECT_CONVERSION = YES_AGGRESSIVE;
				CLANG_CXX_LANGUAGE_STANDARD = "gnu++14";
				CLANG_CXX_LIBRARY = "libc++";
				CLANG_ENABLE_MODULES = YES;
				CLANG_ENABLE_OBJC_ARC = YES;
				CLANG_ENABLE_OBJC_WEAK = YES;
				CLANG_WARN_BLOCK_CAPTURE_AUTORELEASING = YES;
				CLANG_WARN_BOOL_CONVERSION = YES;
				CLANG_WARN_COMMA = YES;
				CLANG_WARN_CONSTANT_CONVERSION = YES;
				CLANG_WARN_DEPRECATED_OBJC_IMPLEMENTATIONS = YES;
				CLANG_WARN_DIRECT_OBJC_ISA_USAGE = YES_ERROR;
				CLANG_WARN_DOCUMENTATION_COMMENTS = YES;
				CLANG_WARN_EMPTY_BODY = YES;
				CLANG_WARN_ENUM_CONVERSION = YES;
				CLANG_WARN_INFINITE_RECURSION = YES;
				CLANG_WARN_INT_CONVERSION = YES;
				CLANG_WARN_NON_LITERAL_NULL_CONVERSION = YES;
				CLANG_WARN_OBJC_IMPLICIT_RETAIN_SELF = YES;
				CLANG_WARN_OBJC_LITERAL_CONVERSION = YES;
				CLANG_WARN_OBJC_ROOT_CLASS = YES_ERROR;
				CLANG_WARN_RANGE_LOOP_ANALYSIS = YES;
				CLANG_WARN_STRICT_PROTOTYPES = YES;
				CLANG_WARN_SUSPICIOUS_MOVE = YES;
				CLANG_WARN_UNGUARDED_AVAILABILITY = YES_AGGRESSIVE;
				CLANG_WARN_UNREACHABLE_CODE = YES;
				CLANG_WARN__DUPLICATE_METHOD_MATCH = YES;
				CODE_SIGN_IDENTITY = "iPhone Developer";
				COPY_PHASE_STRIP = NO;
				DEBUG_INFORMATION_FORMAT = dwarf;
				ENABLE_STRICT_OBJC_MSGSEND = YES;
				ENABLE_TESTABILITY = YES;
				GCC_C_LANGUAGE_STANDARD = gnu11;
				GCC_DYNAMIC_NO_PIC = NO;
				GCC_NO_COMMON_BLOCKS = YES;
				GCC_OPTIMIZATION_LEVEL = 0;
				GCC_PREPROCESSOR_DEFINITIONS = (
					"DEBUG=1",
					"$(inherited)",
				);
				GCC_WARN_64_TO_32_BIT_CONVERSION = YES;
				GCC_WARN_ABOUT_RETURN_TYPE = YES_ERROR;
				GCC_WARN_UNDECLARED_SELECTOR = YES;
				GCC_WARN_UNINITIALIZED_AUTOS = YES_AGGRESSIVE;
				GCC_WARN_UNUSED_FUNCTION = YES;
				GCC_WARN_UNUSED_VARIABLE = YES;
				IPHONEOS_DEPLOYMENT_TARGET = 12.4;
				MTL_ENABLE_DEBUG_INFO = INCLUDE_SOURCE;
				MTL_FAST_MATH = YES;
				ONLY_ACTIVE_ARCH = YES;
				SDKROOT = iphoneos;
				SWIFT_ACTIVE_COMPILATION_CONDITIONS = DEBUG;
				SWIFT_OPTIMIZATION_LEVEL = "-Onone";
			};
			name = Debug;
		};
		D1E2BC42230B1156001EF5C1 /* Release */ = {
			isa = XCBuildConfiguration;
			buildSettings = {
				ALWAYS_SEARCH_USER_PATHS = NO;
				CLANG_ANALYZER_NONNULL = YES;
				CLANG_ANALYZER_NUMBER_OBJECT_CONVERSION = YES_AGGRESSIVE;
				CLANG_CXX_LANGUAGE_STANDARD = "gnu++14";
				CLANG_CXX_LIBRARY = "libc++";
				CLANG_ENABLE_MODULES = YES;
				CLANG_ENABLE_OBJC_ARC = YES;
				CLANG_ENABLE_OBJC_WEAK = YES;
				CLANG_WARN_BLOCK_CAPTURE_AUTORELEASING = YES;
				CLANG_WARN_BOOL_CONVERSION = YES;
				CLANG_WARN_COMMA = YES;
				CLANG_WARN_CONSTANT_CONVERSION = YES;
				CLANG_WARN_DEPRECATED_OBJC_IMPLEMENTATIONS = YES;
				CLANG_WARN_DIRECT_OBJC_ISA_USAGE = YES_ERROR;
				CLANG_WARN_DOCUMENTATION_COMMENTS = YES;
				CLANG_WARN_EMPTY_BODY = YES;
				CLANG_WARN_ENUM_CONVERSION = YES;
				CLANG_WARN_INFINITE_RECURSION = YES;
				CLANG_WARN_INT_CONVERSION = YES;
				CLANG_WARN_NON_LITERAL_NULL_CONVERSION = YES;
				CLANG_WARN_OBJC_IMPLICIT_RETAIN_SELF = YES;
				CLANG_WARN_OBJC_LITERAL_CONVERSION = YES;
				CLANG_WARN_OBJC_ROOT_CLASS = YES_ERROR;
				CLANG_WARN_RANGE_LOOP_ANALYSIS = YES;
				CLANG_WARN_STRICT_PROTOTYPES = YES;
				CLANG_WARN_SUSPICIOUS_MOVE = YES;
				CLANG_WARN_UNGUARDED_AVAILABILITY = YES_AGGRESSIVE;
				CLANG_WARN_UNREACHABLE_CODE = YES;
				CLANG_WARN__DUPLICATE_METHOD_MATCH = YES;
				CODE_SIGN_IDENTITY = "iPhone Developer";
				COPY_PHASE_STRIP = NO;
				DEBUG_INFORMATION_FORMAT = "dwarf-with-dsym";
				ENABLE_NS_ASSERTIONS = NO;
				ENABLE_STRICT_OBJC_MSGSEND = YES;
				GCC_C_LANGUAGE_STANDARD = gnu11;
				GCC_NO_COMMON_BLOCKS = YES;
				GCC_WARN_64_TO_32_BIT_CONVERSION = YES;
				GCC_WARN_ABOUT_RETURN_TYPE = YES_ERROR;
				GCC_WARN_UNDECLARED_SELECTOR = YES;
				GCC_WARN_UNINITIALIZED_AUTOS = YES_AGGRESSIVE;
				GCC_WARN_UNUSED_FUNCTION = YES;
				GCC_WARN_UNUSED_VARIABLE = YES;
				IPHONEOS_DEPLOYMENT_TARGET = 12.4;
				MTL_ENABLE_DEBUG_INFO = NO;
				MTL_FAST_MATH = YES;
				SDKROOT = iphoneos;
				SWIFT_COMPILATION_MODE = wholemodule;
				SWIFT_OPTIMIZATION_LEVEL = "-O";
				VALIDATE_PRODUCT = YES;
			};
			name = Release;
		};
		D1E2BC44230B1156001EF5C1 /* Debug */ = {
			isa = XCBuildConfiguration;
			buildSettings = {
				ASSETCATALOG_COMPILER_APPICON_NAME = AppIcon;
				CODE_SIGN_STYLE = Automatic;
				DEVELOPMENT_TEAM = 6737CCTUUP;
				INFOPLIST_FILE = RISE/Info.plist;
				LD_RUNPATH_SEARCH_PATHS = (
					"$(inherited)",
					"@executable_path/Frameworks",
				);
				PRODUCT_BUNDLE_IDENTIFIER = com.vikram.RISE;
				PRODUCT_NAME = "$(TARGET_NAME)";
				SWIFT_VERSION = 5.0;
				TARGETED_DEVICE_FAMILY = "1,2";
			};
			name = Debug;
		};
		D1E2BC45230B1156001EF5C1 /* Release */ = {
			isa = XCBuildConfiguration;
			buildSettings = {
				ASSETCATALOG_COMPILER_APPICON_NAME = AppIcon;
				CODE_SIGN_STYLE = Automatic;
				DEVELOPMENT_TEAM = 6737CCTUUP;
				INFOPLIST_FILE = RISE/Info.plist;
				LD_RUNPATH_SEARCH_PATHS = (
					"$(inherited)",
					"@executable_path/Frameworks",
				);
				PRODUCT_BUNDLE_IDENTIFIER = com.vikram.RISE;
				PRODUCT_NAME = "$(TARGET_NAME)";
				SWIFT_VERSION = 5.0;
				TARGETED_DEVICE_FAMILY = "1,2";
			};
			name = Release;
		};
		D1E2BC47230B1156001EF5C1 /* Debug */ = {
			isa = XCBuildConfiguration;
			buildSettings = {
				ALWAYS_EMBED_SWIFT_STANDARD_LIBRARIES = YES;
				BUNDLE_LOADER = "$(TEST_HOST)";
				CODE_SIGN_STYLE = Automatic;
				DEVELOPMENT_TEAM = 6737CCTUUP;
				INFOPLIST_FILE = RISETests/Info.plist;
				LD_RUNPATH_SEARCH_PATHS = (
					"$(inherited)",
					"@executable_path/Frameworks",
					"@loader_path/Frameworks",
				);
				PRODUCT_BUNDLE_IDENTIFIER = com.vikram.RISETests;
				PRODUCT_NAME = "$(TARGET_NAME)";
				SWIFT_VERSION = 5.0;
				TARGETED_DEVICE_FAMILY = "1,2";
				TEST_HOST = "$(BUILT_PRODUCTS_DIR)/RISE.app/RISE";
			};
			name = Debug;
		};
		D1E2BC48230B1156001EF5C1 /* Release */ = {
			isa = XCBuildConfiguration;
			buildSettings = {
				ALWAYS_EMBED_SWIFT_STANDARD_LIBRARIES = YES;
				BUNDLE_LOADER = "$(TEST_HOST)";
				CODE_SIGN_STYLE = Automatic;
				DEVELOPMENT_TEAM = 6737CCTUUP;
				INFOPLIST_FILE = RISETests/Info.plist;
				LD_RUNPATH_SEARCH_PATHS = (
					"$(inherited)",
					"@executable_path/Frameworks",
					"@loader_path/Frameworks",
				);
				PRODUCT_BUNDLE_IDENTIFIER = com.vikram.RISETests;
				PRODUCT_NAME = "$(TARGET_NAME)";
				SWIFT_VERSION = 5.0;
				TARGETED_DEVICE_FAMILY = "1,2";
				TEST_HOST = "$(BUILT_PRODUCTS_DIR)/RISE.app/RISE";
			};
			name = Release;
		};
		D1E2BC4A230B1156001EF5C1 /* Debug */ = {
			isa = XCBuildConfiguration;
			buildSettings = {
				ALWAYS_EMBED_SWIFT_STANDARD_LIBRARIES = YES;
				CODE_SIGN_STYLE = Automatic;
				DEVELOPMENT_TEAM = 6737CCTUUP;
				INFOPLIST_FILE = RISEUITests/Info.plist;
				LD_RUNPATH_SEARCH_PATHS = (
					"$(inherited)",
					"@executable_path/Frameworks",
					"@loader_path/Frameworks",
				);
				PRODUCT_BUNDLE_IDENTIFIER = com.vikram.RISEUITests;
				PRODUCT_NAME = "$(TARGET_NAME)";
				SWIFT_VERSION = 5.0;
				TARGETED_DEVICE_FAMILY = "1,2";
				TEST_TARGET_NAME = RISE;
			};
			name = Debug;
		};
		D1E2BC4B230B1156001EF5C1 /* Release */ = {
			isa = XCBuildConfiguration;
			buildSettings = {
				ALWAYS_EMBED_SWIFT_STANDARD_LIBRARIES = YES;
				CODE_SIGN_STYLE = Automatic;
				DEVELOPMENT_TEAM = 6737CCTUUP;
				INFOPLIST_FILE = RISEUITests/Info.plist;
				LD_RUNPATH_SEARCH_PATHS = (
					"$(inherited)",
					"@executable_path/Frameworks",
					"@loader_path/Frameworks",
				);
				PRODUCT_BUNDLE_IDENTIFIER = com.vikram.RISEUITests;
				PRODUCT_NAME = "$(TARGET_NAME)";
				SWIFT_VERSION = 5.0;
				TARGETED_DEVICE_FAMILY = "1,2";
				TEST_TARGET_NAME = RISE;
			};
			name = Release;
		};
/* End XCBuildConfiguration section */

/* Begin XCConfigurationList section */
		D1E2BC16230B1152001EF5C1 /* Build configuration list for PBXProject "RISE" */ = {
			isa = XCConfigurationList;
			buildConfigurations = (
				D1E2BC41230B1156001EF5C1 /* Debug */,
				D1E2BC42230B1156001EF5C1 /* Release */,
			);
			defaultConfigurationIsVisible = 0;
			defaultConfigurationName = Release;
		};
		D1E2BC43230B1156001EF5C1 /* Build configuration list for PBXNativeTarget "RISE" */ = {
			isa = XCConfigurationList;
			buildConfigurations = (
				D1E2BC44230B1156001EF5C1 /* Debug */,
				D1E2BC45230B1156001EF5C1 /* Release */,
			);
			defaultConfigurationIsVisible = 0;
			defaultConfigurationName = Release;
		};
		D1E2BC46230B1156001EF5C1 /* Build configuration list for PBXNativeTarget "RISETests" */ = {
			isa = XCConfigurationList;
			buildConfigurations = (
				D1E2BC47230B1156001EF5C1 /* Debug */,
				D1E2BC48230B1156001EF5C1 /* Release */,
			);
			defaultConfigurationIsVisible = 0;
			defaultConfigurationName = Release;
		};
		D1E2BC49230B1156001EF5C1 /* Build configuration list for PBXNativeTarget "RISEUITests" */ = {
			isa = XCConfigurationList;
			buildConfigurations = (
				D1E2BC4A230B1156001EF5C1 /* Debug */,
				D1E2BC4B230B1156001EF5C1 /* Release */,
			);
			defaultConfigurationIsVisible = 0;
			defaultConfigurationName = Release;
		};
/* End XCConfigurationList section */
	};
	rootObject = D1E2BC13230B1152001EF5C1 /* Project object */;
}
